
Microsoft Visual Studio Solution File, Format Version 12.00
# Visual Studio Version 16
VisualStudioVersion = 16.0.30517.126
MinimumVisualStudioVersion = 10.0.40219.1
Project("{FAE04EC0-301F-11D3-BF4B-00C04F79EFBC}") = "chuckconsole", "chuckconsole\chuckconsole.csproj", "{7AE30373-68B2-4137-B42B-7EE5C31A9E13}"
EndProject
Project("{FAE04EC0-301F-11D3-BF4B-00C04F79EFBC}") = "chuckform", "chuckform\chuckform.csproj", "{D7980575-4FCC-43CF-A1EC-A34CFF4D6306}"
EndProject
Global
	GlobalSection(SolutionConfigurationPlatforms) = preSolution
		Debug|Any CPU = Debug|Any CPU
		Release|Any CPU = Release|Any CPU
	EndGlobalSection
	GlobalSection(ProjectConfigurationPlatforms) = postSolution
		{7AE30373-68B2-4137-B42B-7EE5C31A9E13}.Debug|Any CPU.ActiveCfg = Debug|Any CPU
		{7AE30373-68B2-4137-B42B-7EE5C31A9E13}.Debug|Any CPU.Build.0 = Debug|Any CPU
		{7AE30373-68B2-4137-B42B-7EE5C31A9E13}.Release|Any CPU.ActiveCfg = Release|Any CPU
		{7AE30373-68B2-4137-B42B-7EE5C31A9E13}.Release|Any CPU.Build.0 = Release|Any CPU
		{D7980575-4FCC-43CF-A1EC-A34CFF4D6306}.Debug|Any CPU.ActiveCfg = Debug|Any CPU
		{D7980575-4FCC-43CF-A1EC-A34CFF4D6306}.Debug|Any CPU.Build.0 = Debug|Any CPU
		{D7980575-4FCC-43CF-A1EC-A34CFF4D6306}.Release|Any CPU.ActiveCfg = Release|Any CPU
		{D7980575-4FCC-43CF-A1EC-A34CFF4D6306}.Release|Any CPU.Build.0 = Release|Any CPU
	EndGlobalSection
	GlobalSection(SolutionProperties) = preSolution
		HideSolutionNode = FALSE
	EndGlobalSection
	GlobalSection(ExtensibilityGlobals) = postSolution
		SolutionGuid = {7D826EFF-CC4C-44CF-B740-DBC5762C1966}
	EndGlobalSection
EndGlobal
